
Microsoft Visual Studio Solution File, Format Version 12.00
# Visual Studio Version 17
VisualStudioVersion = 17.11.35208.52
MinimumVisualStudioVersion = 10.0.40219.1
Project("{FAE04EC0-301F-11D3-BF4B-00C04F79EFBC}") = "Laba3varik2", "Laba3varik2\Laba3varik2.csproj", "{6E558503-BF2A-4B7E-98DA-0A76AD97F407}"
EndProject
Global
	GlobalSection(SolutionConfigurationPlatforms) = preSolution
		Debug|Any CPU = Debug|Any CPU
		Release|Any CPU = Release|Any CPU
	EndGlobalSection
	GlobalSection(ProjectConfigurationPlatforms) = postSolution
		{6E558503-BF2A-4B7E-98DA-0A76AD97F407}.Debug|Any CPU.ActiveCfg = Debug|Any CPU
		{6E558503-BF2A-4B7E-98DA-0A76AD97F407}.Debug|Any CPU.Build.0 = Debug|Any CPU
		{6E558503-BF2A-4B7E-98DA-0A76AD97F407}.Release|Any CPU.ActiveCfg = Release|Any CPU
		{6E558503-BF2A-4B7E-98DA-0A76AD97F407}.Release|Any CPU.Build.0 = Release|Any CPU
	EndGlobalSection
	GlobalSection(SolutionProperties) = preSolution
		HideSolutionNode = FALSE
	EndGlobalSection
	GlobalSection(ExtensibilityGlobals) = postSolution
		SolutionGuid = {3F2C15CD-D5C7-4440-AFF9-F5A7F85D21BF}
	EndGlobalSection
EndGlobal
