
Microsoft Visual Studio Solution File, Format Version 12.00
# Visual Studio Version 17
VisualStudioVersion = 17.11.35208.52
MinimumVisualStudioVersion = 10.0.40219.1
Project("{FAE04EC0-301F-11D3-BF4B-00C04F79EFBC}") = "Laba8varik2dop", "Laba8varik2dop\Laba8varik2dop.csproj", "{24CD4FB6-4530-4728-8B19-F56773897C01}"
EndProject
Global
	GlobalSection(SolutionConfigurationPlatforms) = preSolution
		Debug|Any CPU = Debug|Any CPU
		Release|Any CPU = Release|Any CPU
	EndGlobalSection
	GlobalSection(ProjectConfigurationPlatforms) = postSolution
		{24CD4FB6-4530-4728-8B19-F56773897C01}.Debug|Any CPU.ActiveCfg = Debug|Any CPU
		{24CD4FB6-4530-4728-8B19-F56773897C01}.Debug|Any CPU.Build.0 = Debug|Any CPU
		{24CD4FB6-4530-4728-8B19-F56773897C01}.Release|Any CPU.ActiveCfg = Release|Any CPU
		{24CD4FB6-4530-4728-8B19-F56773897C01}.Release|Any CPU.Build.0 = Release|Any CPU
	EndGlobalSection
	GlobalSection(SolutionProperties) = preSolution
		HideSolutionNode = FALSE
	EndGlobalSection
	GlobalSection(ExtensibilityGlobals) = postSolution
		SolutionGuid = {F32AAF51-F6E9-4A3B-9004-7F171E90DA99}
	EndGlobalSection
EndGlobal
