
Microsoft Visual Studio Solution File, Format Version 12.00
# Visual Studio Version 17
VisualStudioVersion = 17.11.35208.52
MinimumVisualStudioVersion = 10.0.40219.1
Project("{FAE04EC0-301F-11D3-BF4B-00C04F79EFBC}") = "Laba4varik2", "Laba4varik2\Laba4varik2.csproj", "{C409B5D0-67CA-414E-B9BC-0A6DEA82E5C4}"
EndProject
Global
	GlobalSection(SolutionConfigurationPlatforms) = preSolution
		Debug|Any CPU = Debug|Any CPU
		Release|Any CPU = Release|Any CPU
	EndGlobalSection
	GlobalSection(ProjectConfigurationPlatforms) = postSolution
		{C409B5D0-67CA-414E-B9BC-0A6DEA82E5C4}.Debug|Any CPU.ActiveCfg = Debug|Any CPU
		{C409B5D0-67CA-414E-B9BC-0A6DEA82E5C4}.Debug|Any CPU.Build.0 = Debug|Any CPU
		{C409B5D0-67CA-414E-B9BC-0A6DEA82E5C4}.Release|Any CPU.ActiveCfg = Release|Any CPU
		{C409B5D0-67CA-414E-B9BC-0A6DEA82E5C4}.Release|Any CPU.Build.0 = Release|Any CPU
	EndGlobalSection
	GlobalSection(SolutionProperties) = preSolution
		HideSolutionNode = FALSE
	EndGlobalSection
	GlobalSection(ExtensibilityGlobals) = postSolution
		SolutionGuid = {D8969EEA-658B-419C-AAF6-EC51DE772E03}
	EndGlobalSection
EndGlobal
